
Microsoft Visual Studio Solution File, Format Version 12.00
# Visual Studio 2013
VisualStudioVersion = 12.0.31101.0
MinimumVisualStudioVersion = 10.0.40219.1
Project("{FAE04EC0-301F-11D3-BF4B-00C04F79EFBC}") = "XYS.Core", "XYS.Core\XYS.Core.csproj", "{73127995-4B1C-429F-9A3B-57CBDB2C2804}"
EndProject
Project("{FAE04EC0-301F-11D3-BF4B-00C04F79EFBC}") = "XYS.His", "XYS.His\XYS.His.csproj", "{C7AE372F-49F4-4589-866E-4C3A10333B82}"
EndProject
Project("{FAE04EC0-301F-11D3-BF4B-00C04F79EFBC}") = "XYS.Patient", "XYS.Patient\XYS.Patient.csproj", "{30A54AB3-87E6-45C8-AF14-19DA61B5584F}"
EndProject
Project("{FAE04EC0-301F-11D3-BF4B-00C04F79EFBC}") = "XYS", "XYS\XYS.csproj", "{054AC4A6-7DD9-4336-9683-2F38687E08F8}"
EndProject
Project("{FAE04EC0-301F-11D3-BF4B-00C04F79EFBC}") = "XYS.His.Security", "XYS.His.Security\XYS.His.Security.csproj", "{82256DEC-DC39-41FD-9AB8-8CED966A47E0}"
EndProject
Global
	GlobalSection(SolutionConfigurationPlatforms) = preSolution
		Debug|Any CPU = Debug|Any CPU
		Release|Any CPU = Release|Any CPU
	EndGlobalSection
	GlobalSection(ProjectConfigurationPlatforms) = postSolution
		{73127995-4B1C-429F-9A3B-57CBDB2C2804}.Debug|Any CPU.ActiveCfg = Debug|Any CPU
		{73127995-4B1C-429F-9A3B-57CBDB2C2804}.Debug|Any CPU.Build.0 = Debug|Any CPU
		{73127995-4B1C-429F-9A3B-57CBDB2C2804}.Release|Any CPU.ActiveCfg = Release|Any CPU
		{73127995-4B1C-429F-9A3B-57CBDB2C2804}.Release|Any CPU.Build.0 = Release|Any CPU
		{C7AE372F-49F4-4589-866E-4C3A10333B82}.Debug|Any CPU.ActiveCfg = Debug|Any CPU
		{C7AE372F-49F4-4589-866E-4C3A10333B82}.Debug|Any CPU.Build.0 = Debug|Any CPU
		{C7AE372F-49F4-4589-866E-4C3A10333B82}.Release|Any CPU.ActiveCfg = Release|Any CPU
		{C7AE372F-49F4-4589-866E-4C3A10333B82}.Release|Any CPU.Build.0 = Release|Any CPU
		{30A54AB3-87E6-45C8-AF14-19DA61B5584F}.Debug|Any CPU.ActiveCfg = Debug|Any CPU
		{30A54AB3-87E6-45C8-AF14-19DA61B5584F}.Debug|Any CPU.Build.0 = Debug|Any CPU
		{30A54AB3-87E6-45C8-AF14-19DA61B5584F}.Release|Any CPU.ActiveCfg = Release|Any CPU
		{30A54AB3-87E6-45C8-AF14-19DA61B5584F}.Release|Any CPU.Build.0 = Release|Any CPU
		{054AC4A6-7DD9-4336-9683-2F38687E08F8}.Debug|Any CPU.ActiveCfg = Debug|Any CPU
		{054AC4A6-7DD9-4336-9683-2F38687E08F8}.Debug|Any CPU.Build.0 = Debug|Any CPU
		{054AC4A6-7DD9-4336-9683-2F38687E08F8}.Release|Any CPU.ActiveCfg = Release|Any CPU
		{054AC4A6-7DD9-4336-9683-2F38687E08F8}.Release|Any CPU.Build.0 = Release|Any CPU
		{82256DEC-DC39-41FD-9AB8-8CED966A47E0}.Debug|Any CPU.ActiveCfg = Debug|Any CPU
		{82256DEC-DC39-41FD-9AB8-8CED966A47E0}.Debug|Any CPU.Build.0 = Debug|Any CPU
		{82256DEC-DC39-41FD-9AB8-8CED966A47E0}.Release|Any CPU.ActiveCfg = Release|Any CPU
		{82256DEC-DC39-41FD-9AB8-8CED966A47E0}.Release|Any CPU.Build.0 = Release|Any CPU
	EndGlobalSection
	GlobalSection(SolutionProperties) = preSolution
		HideSolutionNode = FALSE
	EndGlobalSection
EndGlobal
